<Solution>
  <Project Path="Unity.Timeline.csproj" />
  <Project Path="NaughtyAttributes.Core.csproj" />
  <Project Path="Unity.ShaderGraph.Editor.csproj" />
  <Project Path="Unity.Mathematics.csproj" />
  <Project Path="Unity.Timeline.Editor.csproj" />
  <Project Path="Unity.Cinemachine.Editor.csproj" />
  <Project Path="Assembly-CSharp.csproj" />
  <Project Path="Unity.Collections.csproj" />
  <Project Path="Unity.Splines.csproj" />
  <Project Path="Unity.RenderPipelines.Universal.Editor.csproj" />
  <Project Path="Unity.PerformanceTesting.Editor.csproj" />
  <Project Path="Unity.Burst.csproj" />
  <Project Path="Assembly-CSharp-Editor.csproj" />
  <Project Path="Unity.VisualStudio.Editor.csproj" />
  <Project Path="Unity.InputSystem.csproj" />
  <Project Path="Mischief.MDV.Editor.csproj" />
  <Project Path="Unity.Searcher.Editor.csproj" />
  <Project Path="Unity.Cinemachine.csproj" />
  <Project Path="Autodesk.Fbx.csproj" />
  <Project Path="Coffee.UIEffect.csproj" />
  <Project Path="Unity.Burst.CodeGen.csproj" />
  <Project Path="NaughtyAttributes.Editor.csproj" />
  <Project Path="Unity.Postprocessing.Editor.csproj" />
  <Project Path="Unity.Splines.Editor.csproj" />
  <Project Path="Unity.PerformanceTesting.csproj" />
  <Project Path="Needle.CompilationVisualizer.csproj" />
  <Project Path="XNodeEditor.csproj" />
  <Project Path="Unity.Burst.Editor.csproj" />
  <Project Path="Coffee.UIEffect.Editor.csproj" />
  <Project Path="Unity.Formats.Fbx.Editor.csproj" />
  <Project Path="Unity.Postprocessing.Runtime.csproj" />
  <Project Path="NaughtyAttributes.Test.csproj" />
  <Project Path="Unity.InputSystem.ForUI.csproj" />
  <Project Path="Unity.Collections.CodeGen.csproj" />
  <Project Path="Unity.Mathematics.Editor.csproj" />
  <Project Path="UIEffect.csproj" />
  <Project Path="Unity.Settings.Editor.csproj" />
  <Project Path="Unity.InputSystem.TestFramework.csproj" />
  <Project Path="XNode.csproj" />
  <Project Path="Unity.InputSystem.DocCodeSamples.csproj" />
  <Project Path="Unity.Formats.Fbx.Runtime.csproj" />
  <Project Path="Autodesk.Fbx.Editor.csproj" />
  <Project Path="Unity.Collections.Editor.csproj" />
  <Project Path="Autodesk.Fbx.BuildTestAssets.csproj" />
</Solution>
