<Solution>
  <Project Path="TurnrootFramework.Runtime.csproj" />
  <Project Path="TurnrootFramework.Editor.Characters.Components.csproj" />
  <Project Path="Mischief.MDV.Editor.csproj" />
  <Project Path="TurnrootFramework.Editor.Skills.Nodes.Conditions.csproj" />
  <Project Path="TurnrootFramework.Editor.UI.csproj" />
  <Project Path="TurnrootFramework.Editor.Utilities.CommonAncestors.csproj" />
  <Project Path="TurnrootFramework.Editor.Utilities.csproj" />
  <Project Path="TurnrootFramework.Editor.Skills.Nodes.csproj" />
  <Project Path="TurnrootFramework.Editor.Maps.csproj" />
  <Project Path="TurnrootFramework.Editor.Core.FolderIcons.csproj" />
  <Project Path="TurnrootFramework.Editor.Gameplay.csproj" />
  <Project Path="TurnrootFramework.Editor.Skills.Nodes.Events.csproj" />
  <Project Path="TurnrootFramework.Editor.Gameplay.Combat.csproj" />
  <Project Path="TurnrootFramework.Editor.Characters.Stats.csproj" />
  <Project Path="TurnrootFramework.Editor.Maps.Terrain.csproj" />
  <Project Path="TurnrootFramework.Editor.Gameplay.Hub.Shop.csproj" />
  <Project Path="TurnrootFramework.Editor.Gameplay.Objects.Components.csproj" />
  <Project Path="TurnrootFramework.Editor.Conversations.csproj" />
  <Project Path="TurnrootFramework.Editor.GraphicPacks.DefaultShaders.csproj" />
  <Project Path="TurnrootFramework.Editor.Gameplay.Objects.csproj" />
  <Project Path="TurnrootFramework.Editor.Utilities.SceneFlows.csproj" />
  <Project Path="TurnrootFramework.Editor.Characters.csproj" />
  <Project Path="TurnrootFramework.Editor.Characters.Inventory.csproj" />
  <Project Path="TurnrootFramework.Editor.Graphics2D.csproj" />
  <Project Path="TurnrootFramework.Editor.Skills.Badges.csproj" />
  <Project Path="TurnrootFramework.Editor.Characters.Behavior.csproj" />
  <Project Path="TurnrootFramework.Editor.CharacterClass.csproj" />
  <Project Path="TurnrootFramework.Editor.UI.Notifications.csproj" />
  <Project Path="TurnrootFramework.Editor.Utilities.AbstractScripts.csproj" />
</Solution>
