<Solution>
  <Project Path="Unity.Timeline.csproj" />
  <Project Path="NaughtyAttributes.Core.csproj" />
  <Project Path="Unity.ShaderGraph.Editor.csproj" />
  <Project Path="Unity.Mathematics.csproj" />
  <Project Path="Unity.Timeline.Editor.csproj" />
  <Project Path="Unity.Cinemachine.Editor.csproj" />
  <Project Path="TurnrootFramework.Runtime.csproj" />
  <Project Path="Unity.Collections.csproj" />
  <Project Path="Unity.Splines.csproj" />
  <Project Path="Unity.RenderPipelines.Universal.Editor.csproj" />
  <Project Path="Unity.PerformanceTesting.Editor.csproj" />
  <Project Path="Unity.Burst.csproj" />
  <Project Path="TurnrootFramework.Editor.Characters.Components.csproj" />
  <Project Path="Unity.VisualStudio.Editor.csproj" />
  <Project Path="Unity.InputSystem.csproj" />
  <Project Path="Mischief.MDV.Editor.csproj" />
  <Project Path="Unity.Searcher.Editor.csproj" />
  <Project Path="TurnrootFramework.Editor.Skills.Nodes.Conditions.csproj" />
  <Project Path="Unity.Cinemachine.csproj" />
  <Project Path="Autodesk.Fbx.csproj" />
  <Project Path="Coffee.UIEffect.csproj" />
  <Project Path="Unity.Burst.CodeGen.csproj" />
  <Project Path="NaughtyAttributes.Editor.csproj" />
  <Project Path="Unity.Postprocessing.Editor.csproj" />
  <Project Path="TurnrootFramework.Editor.UI.csproj" />
  <Project Path="Unity.Splines.Editor.csproj" />
  <Project Path="Unity.PerformanceTesting.csproj" />
  <Project Path="Needle.CompilationVisualizer.csproj" />
  <Project Path="XNodeEditor.csproj" />
  <Project Path="Unity.Burst.Editor.csproj" />
  <Project Path="Coffee.UIEffect.Editor.csproj" />
  <Project Path="Unity.Formats.Fbx.Editor.csproj" />
  <Project Path="TurnrootFramework.Editor.Utilities.CommonAncestors.csproj" />
  <Project Path="Unity.Postprocessing.Runtime.csproj" />
  <Project Path="TurnrootFramework.Editor.Utilities.csproj" />
  <Project Path="Assembly-CSharp-Editor.csproj" />
  <Project Path="NaughtyAttributes.Test.csproj" />
  <Project Path="TurnrootFramework.Editor.Skills.Nodes.csproj" />
  <Project Path="Unity.InputSystem.ForUI.csproj" />
  <Project Path="TurnrootFramework.Editor.Maps.csproj" />
  <Project Path="TurnrootFramework.Editor.Gameplay.csproj" />
  <Project Path="Unity.Collections.CodeGen.csproj" />
  <Project Path="TurnrootFramework.Editor.Skills.Nodes.Events.csproj" />
  <Project Path="Unity.Mathematics.Editor.csproj" />
  <Project Path="UIEffect.csproj" />
  <Project Path="TurnrootFramework.Editor.Gameplay.Combat.csproj" />
  <Project Path="Assembly-CSharp.csproj" />
  <Project Path="Unity.Settings.Editor.csproj" />
  <Project Path="Unity.InputSystem.TestFramework.csproj" />
  <Project Path="TurnrootFramework.Editor.Characters.Stats.csproj" />
  <Project Path="TurnrootFramework.Editor.Conversations.Nodes.csproj" />
  <Project Path="XNode.csproj" />
  <Project Path="TurnrootFramework.Editor.Maps.Terrain.csproj" />
  <Project Path="TurnrootFramework.Editor.Gameplay.Hub.Shop.csproj" />
  <Project Path="TurnrootFramework.Editor.Gameplay.Objects.Components.csproj" />
  <Project Path="TurnrootFramework.Editor.Conversations.csproj" />
  <Project Path="TurnrootFramework.Editor.Gameplay.Objects.csproj" />
  <Project Path="TurnrootFramework.Editor.Utilities.SceneFlows.csproj" />
  <Project Path="TurnrootFramework.Editor.Characters.csproj" />
  <Project Path="TurnrootFramework.Editor.Characters.Inventory.csproj" />
  <Project Path="Unity.InputSystem.DocCodeSamples.csproj" />
  <Project Path="Unity.Formats.Fbx.Runtime.csproj" />
  <Project Path="TurnrootFramework.Editor.Graphics2D.csproj" />
  <Project Path="TurnrootFramework.Editor.Skills.Badges.csproj" />
  <Project Path="TurnrootFramework.Editor.Characters.Behavior.csproj" />
  <Project Path="TurnrootFramework.Editor.CharacterClass.csproj" />
  <Project Path="Autodesk.Fbx.Editor.csproj" />
  <Project Path="Unity.Collections.Editor.csproj" />
  <Project Path="TurnrootFramework.Editor.UI.Notifications.csproj" />
  <Project Path="TurnrootFramework.Editor.Utilities.AbstractScripts.csproj" />
  <Project Path="Autodesk.Fbx.BuildTestAssets.csproj" />
</Solution>
